
Microsoft Visual Studio Solution File, Format Version 12.00
# Visual Studio 15
VisualStudioVersion = 15.0.28307.1800
MinimumVisualStudioVersion = 10.0.40219.1
Project("{FAE04EC0-301F-11D3-BF4B-00C04F79EFBC}") = "ramsrecruitapi", "ramsrecruitapi\ramsrecruitapi.csproj", "{2BA4EA8A-97F5-47CC-8789-465F2EF4372B}"
EndProject
Global
	GlobalSection(SolutionConfigurationPlatforms) = preSolution
		Debug|Any CPU = Debug|Any CPU
		Release|Any CPU = Release|Any CPU
	EndGlobalSection
	GlobalSection(ProjectConfigurationPlatforms) = postSolution
		{2BA4EA8A-97F5-47CC-8789-465F2EF4372B}.Debug|Any CPU.ActiveCfg = Debug|Any CPU
		{2BA4EA8A-97F5-47CC-8789-465F2EF4372B}.Debug|Any CPU.Build.0 = Debug|Any CPU
		{2BA4EA8A-97F5-47CC-8789-465F2EF4372B}.Release|Any CPU.ActiveCfg = Release|Any CPU
		{2BA4EA8A-97F5-47CC-8789-465F2EF4372B}.Release|Any CPU.Build.0 = Release|Any CPU
	EndGlobalSection
	GlobalSection(SolutionProperties) = preSolution
		HideSolutionNode = FALSE
	EndGlobalSection
	GlobalSection(ExtensibilityGlobals) = postSolution
		SolutionGuid = {890DC5B2-021D-4CA4-8216-AC4D8EDF9356}
	EndGlobalSection
EndGlobal
