
Microsoft Visual Studio Solution File, Format Version 12.00
# Visual Studio Version 16
VisualStudioVersion = 16.0.32126.315
MinimumVisualStudioVersion = 10.0.40219.1
Project("{FAE04EC0-301F-11D3-BF4B-00C04F79EFBC}") = "ramsrecruitAPI", "ramsrecruitAPI.csproj", "{0A47E85B-293E-4550-A4B3-3C2B542F8E5E}"
EndProject
Global
	GlobalSection(SolutionConfigurationPlatforms) = preSolution
		Debug|Any CPU = Debug|Any CPU
		Release|Any CPU = Release|Any CPU
	EndGlobalSection
	GlobalSection(ProjectConfigurationPlatforms) = postSolution
		{0A47E85B-293E-4550-A4B3-3C2B542F8E5E}.Debug|Any CPU.ActiveCfg = Debug|Any CPU
		{0A47E85B-293E-4550-A4B3-3C2B542F8E5E}.Debug|Any CPU.Build.0 = Debug|Any CPU
		{0A47E85B-293E-4550-A4B3-3C2B542F8E5E}.Release|Any CPU.ActiveCfg = Release|Any CPU
		{0A47E85B-293E-4550-A4B3-3C2B542F8E5E}.Release|Any CPU.Build.0 = Release|Any CPU
	EndGlobalSection
	GlobalSection(SolutionProperties) = preSolution
		HideSolutionNode = FALSE
	EndGlobalSection
	GlobalSection(ExtensibilityGlobals) = postSolution
		SolutionGuid = {C1A7CC79-1B6F-467D-9AC1-EDEE8ED0FFAF}
	EndGlobalSection
EndGlobal
